
Microsoft Visual Studio Solution File, Format Version 12.00
# Visual Studio Version 17
VisualStudioVersion = 17.3.32825.248
MinimumVisualStudioVersion = 10.0.40219.1
Project("{FAE04EC0-301F-11D3-BF4B-00C04F79EFBC}") = "SqlAnimatedWPF", "SqlAnimatedWPF\SqlAnimatedWPF.csproj", "{D47083E1-0472-439D-AF67-CF70407B8540}"
EndProject
Global
	GlobalSection(SolutionConfigurationPlatforms) = preSolution
		Debug|Any CPU = Debug|Any CPU
		Release|Any CPU = Release|Any CPU
	EndGlobalSection
	GlobalSection(ProjectConfigurationPlatforms) = postSolution
		{D47083E1-0472-439D-AF67-CF70407B8540}.Debug|Any CPU.ActiveCfg = Debug|Any CPU
		{D47083E1-0472-439D-AF67-CF70407B8540}.Debug|Any CPU.Build.0 = Debug|Any CPU
		{D47083E1-0472-439D-AF67-CF70407B8540}.Release|Any CPU.ActiveCfg = Release|Any CPU
		{D47083E1-0472-439D-AF67-CF70407B8540}.Release|Any CPU.Build.0 = Release|Any CPU
	EndGlobalSection
	GlobalSection(SolutionProperties) = preSolution
		HideSolutionNode = FALSE
	EndGlobalSection
	GlobalSection(ExtensibilityGlobals) = postSolution
		SolutionGuid = {DF851047-FA31-48D2-8B1F-59ADC316FE55}
	EndGlobalSection
EndGlobal
